
Microsoft Visual Studio Solution File, Format Version 12.00
# Visual Studio Version 17
VisualStudioVersion = 17.10.34928.147
MinimumVisualStudioVersion = 10.0.40219.1
Project("{FAE04EC0-301F-11D3-BF4B-00C04F79EFBC}") = "ManipulationDesListes", "ManipulationDesListes\ManipulationDesListes.csproj", "{0F585349-27B5-4DC0-A566-CF37A16FE081}"
EndProject
Global
	GlobalSection(SolutionConfigurationPlatforms) = preSolution
		Debug|Any CPU = Debug|Any CPU
		Release|Any CPU = Release|Any CPU
	EndGlobalSection
	GlobalSection(ProjectConfigurationPlatforms) = postSolution
		{0F585349-27B5-4DC0-A566-CF37A16FE081}.Debug|Any CPU.ActiveCfg = Debug|Any CPU
		{0F585349-27B5-4DC0-A566-CF37A16FE081}.Debug|Any CPU.Build.0 = Debug|Any CPU
		{0F585349-27B5-4DC0-A566-CF37A16FE081}.Release|Any CPU.ActiveCfg = Release|Any CPU
		{0F585349-27B5-4DC0-A566-CF37A16FE081}.Release|Any CPU.Build.0 = Release|Any CPU
	EndGlobalSection
	GlobalSection(SolutionProperties) = preSolution
		HideSolutionNode = FALSE
	EndGlobalSection
	GlobalSection(ExtensibilityGlobals) = postSolution
		SolutionGuid = {9289EE93-DD79-468F-9D90-12C4AED36E1C}
	EndGlobalSection
EndGlobal
